{
  "name": "reservas",
  "lockfileVersion": 3,
  "requires": true,
  "packages": {
    "": {
      "dependencies": {
        "mongose": "^0.0.2-security",
        "sequence": "^3.0.0"
      }
    },
    "node_modules/mongose": {
      "version": "0.0.2-security",
      "resolved": "https://registry.npmjs.org/mongose/-/mongose-0.0.2-security.tgz",
      "integrity": "sha512-XJUBQHhC/12+hWtrcB1Ww+gkxSzbxg4VdjpNlBQGvFoyPm1bErhA+3n/IkWbGCkavFB1OSycpvpCRphPsZXgLw=="
    },
    "node_modules/sequence": {
      "version": "3.0.0",
      "resolved": "https://registry.npmjs.org/sequence/-/sequence-3.0.0.tgz",
      "integrity": "sha512-yWZHN7nRwhS22DLQ9SMt+HSq0fk21PxTpPHF9OrPgPqtvJ6sz0ObDH3e/X/eK1MvfjpRkpjVMZpPMHIc3PWLPQ==",
      "engines": {
        "ender": ">= 0.5.0",
        "node": "*"
      }
    }
  }
}
